
Microsoft Visual Studio Solution File, Format Version 12.00
# Visual Studio Version 17
VisualStudioVersion = 17.0.31903.59
MinimumVisualStudioVersion = 10.0.40219.1
Project("{2150E333-8FDC-42A3-9474-1A3956D46DE8}") = "src", "src", "{827E0CD3-B72D-47B6-A68D-7590B98EB39B}"
EndProject
Project("{FAE04EC0-301F-11D3-BF4B-00C04F79EFBC}") = "Steamworks.NET", "src\Steamworks.NET\Steamworks.NET.csproj", "{32E93E8E-DD68-42CC-8FD7-695A0CE9EEFF}"
EndProject
Project("{FAE04EC0-301F-11D3-BF4B-00C04F79EFBC}") = "Celeste.Android.Patches", "src\Celeste.Android.Patches\Celeste.Android.Patches.csproj", "{2A700DF3-03F4-4E77-95C6-B2C077AD58F4}"
EndProject
Project("{2150E333-8FDC-42A3-9474-1A3956D46DE8}") = "external", "external", "{A288BEE0-695A-BEEA-455C-649571D89326}"
EndProject
Project("{2150E333-8FDC-42A3-9474-1A3956D46DE8}") = "FNA", "FNA", "{697ECEF8-61EF-B27E-3CDA-AE748CD4020B}"
EndProject
Project("{FAE04EC0-301F-11D3-BF4B-00C04F79EFBC}") = "FNA.Core", "external\FNA\FNA.Core.csproj", "{2C87223D-7345-4CCC-B097-B7B8DD799747}"
EndProject
Project("{FAE04EC0-301F-11D3-BF4B-00C04F79EFBC}") = "Celeste.Patcher", "src\Celeste.Patcher\Celeste.Patcher.csproj", "{EEBC4EFA-8341-4CF2-B5EF-EA6238CE2131}"
EndProject
Project("{FAE04EC0-301F-11D3-BF4B-00C04F79EFBC}") = "Celeste.Desktop", "src\Celeste.Desktop\Celeste.Desktop.csproj", "{9DFB8DBF-BB5D-4417-A190-89CED2EB6216}"
EndProject
Project("{FAE04EC0-301F-11D3-BF4B-00C04F79EFBC}") = "Celeste.Android", "src\Celeste.Android\Celeste.Android.csproj", "{97464E9F-A043-4D25-86F0-DA3EC88EB6EB}"
EndProject
Global
	GlobalSection(SolutionConfigurationPlatforms) = preSolution
		Debug|Any CPU = Debug|Any CPU
		Debug|x64 = Debug|x64
		Debug|x86 = Debug|x86
		Release|Any CPU = Release|Any CPU
		Release|x64 = Release|x64
		Release|x86 = Release|x86
	EndGlobalSection
	GlobalSection(ProjectConfigurationPlatforms) = postSolution
		{32E93E8E-DD68-42CC-8FD7-695A0CE9EEFF}.Debug|Any CPU.ActiveCfg = Debug|Any CPU
		{32E93E8E-DD68-42CC-8FD7-695A0CE9EEFF}.Debug|Any CPU.Build.0 = Debug|Any CPU
		{32E93E8E-DD68-42CC-8FD7-695A0CE9EEFF}.Debug|x64.ActiveCfg = Debug|Any CPU
		{32E93E8E-DD68-42CC-8FD7-695A0CE9EEFF}.Debug|x64.Build.0 = Debug|Any CPU
		{32E93E8E-DD68-42CC-8FD7-695A0CE9EEFF}.Debug|x86.ActiveCfg = Debug|Any CPU
		{32E93E8E-DD68-42CC-8FD7-695A0CE9EEFF}.Debug|x86.Build.0 = Debug|Any CPU
		{32E93E8E-DD68-42CC-8FD7-695A0CE9EEFF}.Release|Any CPU.ActiveCfg = Release|Any CPU
		{32E93E8E-DD68-42CC-8FD7-695A0CE9EEFF}.Release|Any CPU.Build.0 = Release|Any CPU
		{32E93E8E-DD68-42CC-8FD7-695A0CE9EEFF}.Release|x64.ActiveCfg = Release|Any CPU
		{32E93E8E-DD68-42CC-8FD7-695A0CE9EEFF}.Release|x64.Build.0 = Release|Any CPU
		{32E93E8E-DD68-42CC-8FD7-695A0CE9EEFF}.Release|x86.ActiveCfg = Release|Any CPU
		{32E93E8E-DD68-42CC-8FD7-695A0CE9EEFF}.Release|x86.Build.0 = Release|Any CPU
		{2A700DF3-03F4-4E77-95C6-B2C077AD58F4}.Debug|Any CPU.ActiveCfg = Debug|Any CPU
		{2A700DF3-03F4-4E77-95C6-B2C077AD58F4}.Debug|Any CPU.Build.0 = Debug|Any CPU
		{2A700DF3-03F4-4E77-95C6-B2C077AD58F4}.Debug|x64.ActiveCfg = Debug|Any CPU
		{2A700DF3-03F4-4E77-95C6-B2C077AD58F4}.Debug|x64.Build.0 = Debug|Any CPU
		{2A700DF3-03F4-4E77-95C6-B2C077AD58F4}.Debug|x86.ActiveCfg = Debug|Any CPU
		{2A700DF3-03F4-4E77-95C6-B2C077AD58F4}.Debug|x86.Build.0 = Debug|Any CPU
		{2A700DF3-03F4-4E77-95C6-B2C077AD58F4}.Release|Any CPU.ActiveCfg = Release|Any CPU
		{2A700DF3-03F4-4E77-95C6-B2C077AD58F4}.Release|Any CPU.Build.0 = Release|Any CPU
		{2A700DF3-03F4-4E77-95C6-B2C077AD58F4}.Release|x64.ActiveCfg = Release|Any CPU
		{2A700DF3-03F4-4E77-95C6-B2C077AD58F4}.Release|x64.Build.0 = Release|Any CPU
		{2A700DF3-03F4-4E77-95C6-B2C077AD58F4}.Release|x86.ActiveCfg = Release|Any CPU
		{2A700DF3-03F4-4E77-95C6-B2C077AD58F4}.Release|x86.Build.0 = Release|Any CPU
		{2C87223D-7345-4CCC-B097-B7B8DD799747}.Debug|Any CPU.ActiveCfg = Debug|Any CPU
		{2C87223D-7345-4CCC-B097-B7B8DD799747}.Debug|Any CPU.Build.0 = Debug|Any CPU
		{2C87223D-7345-4CCC-B097-B7B8DD799747}.Debug|x64.ActiveCfg = Debug|Any CPU
		{2C87223D-7345-4CCC-B097-B7B8DD799747}.Debug|x64.Build.0 = Debug|Any CPU
		{2C87223D-7345-4CCC-B097-B7B8DD799747}.Debug|x86.ActiveCfg = Debug|Any CPU
		{2C87223D-7345-4CCC-B097-B7B8DD799747}.Debug|x86.Build.0 = Debug|Any CPU
		{2C87223D-7345-4CCC-B097-B7B8DD799747}.Release|Any CPU.ActiveCfg = Release|Any CPU
		{2C87223D-7345-4CCC-B097-B7B8DD799747}.Release|Any CPU.Build.0 = Release|Any CPU
		{2C87223D-7345-4CCC-B097-B7B8DD799747}.Release|x64.ActiveCfg = Release|Any CPU
		{2C87223D-7345-4CCC-B097-B7B8DD799747}.Release|x64.Build.0 = Release|Any CPU
		{2C87223D-7345-4CCC-B097-B7B8DD799747}.Release|x86.ActiveCfg = Release|Any CPU
		{2C87223D-7345-4CCC-B097-B7B8DD799747}.Release|x86.Build.0 = Release|Any CPU
		{EEBC4EFA-8341-4CF2-B5EF-EA6238CE2131}.Debug|Any CPU.ActiveCfg = Debug|Any CPU
		{EEBC4EFA-8341-4CF2-B5EF-EA6238CE2131}.Debug|Any CPU.Build.0 = Debug|Any CPU
		{EEBC4EFA-8341-4CF2-B5EF-EA6238CE2131}.Debug|x64.ActiveCfg = Debug|Any CPU
		{EEBC4EFA-8341-4CF2-B5EF-EA6238CE2131}.Debug|x64.Build.0 = Debug|Any CPU
		{EEBC4EFA-8341-4CF2-B5EF-EA6238CE2131}.Debug|x86.ActiveCfg = Debug|Any CPU
		{EEBC4EFA-8341-4CF2-B5EF-EA6238CE2131}.Debug|x86.Build.0 = Debug|Any CPU
		{EEBC4EFA-8341-4CF2-B5EF-EA6238CE2131}.Release|Any CPU.ActiveCfg = Release|Any CPU
		{EEBC4EFA-8341-4CF2-B5EF-EA6238CE2131}.Release|Any CPU.Build.0 = Release|Any CPU
		{EEBC4EFA-8341-4CF2-B5EF-EA6238CE2131}.Release|x64.ActiveCfg = Release|Any CPU
		{EEBC4EFA-8341-4CF2-B5EF-EA6238CE2131}.Release|x64.Build.0 = Release|Any CPU
		{EEBC4EFA-8341-4CF2-B5EF-EA6238CE2131}.Release|x86.ActiveCfg = Release|Any CPU
		{EEBC4EFA-8341-4CF2-B5EF-EA6238CE2131}.Release|x86.Build.0 = Release|Any CPU
		{9DFB8DBF-BB5D-4417-A190-89CED2EB6216}.Debug|Any CPU.ActiveCfg = Debug|Any CPU
		{9DFB8DBF-BB5D-4417-A190-89CED2EB6216}.Debug|Any CPU.Build.0 = Debug|Any CPU
		{9DFB8DBF-BB5D-4417-A190-89CED2EB6216}.Debug|x64.ActiveCfg = Debug|Any CPU
		{9DFB8DBF-BB5D-4417-A190-89CED2EB6216}.Debug|x64.Build.0 = Debug|Any CPU
		{9DFB8DBF-BB5D-4417-A190-89CED2EB6216}.Debug|x86.ActiveCfg = Debug|Any CPU
		{9DFB8DBF-BB5D-4417-A190-89CED2EB6216}.Debug|x86.Build.0 = Debug|Any CPU
		{9DFB8DBF-BB5D-4417-A190-89CED2EB6216}.Release|Any CPU.ActiveCfg = Release|Any CPU
		{9DFB8DBF-BB5D-4417-A190-89CED2EB6216}.Release|Any CPU.Build.0 = Release|Any CPU
		{9DFB8DBF-BB5D-4417-A190-89CED2EB6216}.Release|x64.ActiveCfg = Release|Any CPU
		{9DFB8DBF-BB5D-4417-A190-89CED2EB6216}.Release|x64.Build.0 = Release|Any CPU
		{9DFB8DBF-BB5D-4417-A190-89CED2EB6216}.Release|x86.ActiveCfg = Release|Any CPU
		{9DFB8DBF-BB5D-4417-A190-89CED2EB6216}.Release|x86.Build.0 = Release|Any CPU
		{97464E9F-A043-4D25-86F0-DA3EC88EB6EB}.Debug|Any CPU.ActiveCfg = Debug|Any CPU
		{97464E9F-A043-4D25-86F0-DA3EC88EB6EB}.Debug|Any CPU.Build.0 = Debug|Any CPU
		{97464E9F-A043-4D25-86F0-DA3EC88EB6EB}.Debug|x64.ActiveCfg = Debug|Any CPU
		{97464E9F-A043-4D25-86F0-DA3EC88EB6EB}.Debug|x64.Build.0 = Debug|Any CPU
		{97464E9F-A043-4D25-86F0-DA3EC88EB6EB}.Debug|x86.ActiveCfg = Debug|Any CPU
		{97464E9F-A043-4D25-86F0-DA3EC88EB6EB}.Debug|x86.Build.0 = Debug|Any CPU
		{97464E9F-A043-4D25-86F0-DA3EC88EB6EB}.Release|Any CPU.ActiveCfg = Release|Any CPU
		{97464E9F-A043-4D25-86F0-DA3EC88EB6EB}.Release|Any CPU.Build.0 = Release|Any CPU
		{97464E9F-A043-4D25-86F0-DA3EC88EB6EB}.Release|x64.ActiveCfg = Release|Any CPU
		{97464E9F-A043-4D25-86F0-DA3EC88EB6EB}.Release|x64.Build.0 = Release|Any CPU
		{97464E9F-A043-4D25-86F0-DA3EC88EB6EB}.Release|x86.ActiveCfg = Release|Any CPU
		{97464E9F-A043-4D25-86F0-DA3EC88EB6EB}.Release|x86.Build.0 = Release|Any CPU
	EndGlobalSection
	GlobalSection(SolutionProperties) = preSolution
		HideSolutionNode = FALSE
	EndGlobalSection
	GlobalSection(NestedProjects) = preSolution
		{32E93E8E-DD68-42CC-8FD7-695A0CE9EEFF} = {827E0CD3-B72D-47B6-A68D-7590B98EB39B}
		{2A700DF3-03F4-4E77-95C6-B2C077AD58F4} = {827E0CD3-B72D-47B6-A68D-7590B98EB39B}
		{697ECEF8-61EF-B27E-3CDA-AE748CD4020B} = {A288BEE0-695A-BEEA-455C-649571D89326}
		{2C87223D-7345-4CCC-B097-B7B8DD799747} = {697ECEF8-61EF-B27E-3CDA-AE748CD4020B}
		{EEBC4EFA-8341-4CF2-B5EF-EA6238CE2131} = {827E0CD3-B72D-47B6-A68D-7590B98EB39B}
		{9DFB8DBF-BB5D-4417-A190-89CED2EB6216} = {827E0CD3-B72D-47B6-A68D-7590B98EB39B}
		{97464E9F-A043-4D25-86F0-DA3EC88EB6EB} = {827E0CD3-B72D-47B6-A68D-7590B98EB39B}
	EndGlobalSection
EndGlobal
